
Microsoft Visual Studio Solution File, Format Version 12.00
# Visual Studio 15
Project("{FAE04EC0-301F-11D3-BF4B-00C04F79EFBC}") = "Assembly-CSharp", "Assembly-CSharp.csproj", "{BA5892E7-4A61-94C1-F6FA-E1AE8F8CD42E}"
EndProject
Project("{FAE04EC0-301F-11D3-BF4B-00C04F79EFBC}") = "Assembly-CSharp-Editor", "Assembly-CSharp-Editor.csproj", "{908DF40C-E111-2C7C-85C2-A4363A8E3184}"
EndProject
Global
	GlobalSection(SolutionConfigurationPlatforms) = preSolution
		Debug|Any CPU = Debug|Any CPU
		Release|Any CPU = Release|Any CPU
	EndGlobalSection
	GlobalSection(ProjectConfigurationPlatforms) = postSolution
		{BA5892E7-4A61-94C1-F6FA-E1AE8F8CD42E}.Debug|Any CPU.ActiveCfg = Debug|Any CPU
		{BA5892E7-4A61-94C1-F6FA-E1AE8F8CD42E}.Debug|Any CPU.Build.0 = Debug|Any CPU
		{BA5892E7-4A61-94C1-F6FA-E1AE8F8CD42E}.Release|Any CPU.ActiveCfg = Release|Any CPU
		{BA5892E7-4A61-94C1-F6FA-E1AE8F8CD42E}.Release|Any CPU.Build.0 = Release|Any CPU
		{908DF40C-E111-2C7C-85C2-A4363A8E3184}.Debug|Any CPU.ActiveCfg = Debug|Any CPU
		{908DF40C-E111-2C7C-85C2-A4363A8E3184}.Debug|Any CPU.Build.0 = Debug|Any CPU
		{908DF40C-E111-2C7C-85C2-A4363A8E3184}.Release|Any CPU.ActiveCfg = Release|Any CPU
		{908DF40C-E111-2C7C-85C2-A4363A8E3184}.Release|Any CPU.Build.0 = Release|Any CPU
	EndGlobalSection
	GlobalSection(SolutionProperties) = preSolution
		HideSolutionNode = FALSE
	EndGlobalSection
EndGlobal
